// !$*UTF8*$!
{
	archiveVersion = 1;
	classes = {
	};
	objectVersion = 50;
	objects = {

/* Begin PBXBuildFile section */
		F911440025FB772600B8D9BA /* DupljeZevsVremeApp.swift in Sources */ = {isa = PBXBuildFile; fileRef = F91143FF25FB772600B8D9BA /* DupljeZevsVremeApp.swift */; };
		F911440225FB772600B8D9BA /* ContentView.swift in Sources */ = {isa = PBXBuildFile; fileRef = F911440125FB772600B8D9BA /* ContentView.swift */; };
		F911440425FB772700B8D9BA /* Assets.xcassets in Resources */ = {isa = PBXBuildFile; fileRef = F911440325FB772700B8D9BA /* Assets.xcassets */; };
		F911440725FB772700B8D9BA /* Preview Assets.xcassets in Resources */ = {isa = PBXBuildFile; fileRef = F911440625FB772700B8D9BA /* Preview Assets.xcassets */; };
		F911441625FB773C00B8D9BA /* WidgetKit.framework in Frameworks */ = {isa = PBXBuildFile; fileRef = F911441525FB773C00B8D9BA /* WidgetKit.framework */; };
		F911441825FB773C00B8D9BA /* SwiftUI.framework in Frameworks */ = {isa = PBXBuildFile; fileRef = F911441725FB773C00B8D9BA /* SwiftUI.framework */; };
		F911441B25FB773C00B8D9BA /* DupljeZevsVremeWidget.swift in Sources */ = {isa = PBXBuildFile; fileRef = F911441A25FB773C00B8D9BA /* DupljeZevsVremeWidget.swift */; };
		F911441D25FB773D00B8D9BA /* Assets.xcassets in Resources */ = {isa = PBXBuildFile; fileRef = F911441C25FB773D00B8D9BA /* Assets.xcassets */; };
		F911442125FB773D00B8D9BA /* DupljeZevsVremeWidgetExtension.appex in Embed App Extensions */ = {isa = PBXBuildFile; fileRef = F911441325FB773C00B8D9BA /* DupljeZevsVremeWidgetExtension.appex */; settings = {ATTRIBUTES = (RemoveHeadersOnCopy, ); }; };
		F911442B25FB77AA00B8D9BA /* DupljeZevsVremeAPIClient.swift in Sources */ = {isa = PBXBuildFile; fileRef = F911442A25FB77AA00B8D9BA /* DupljeZevsVremeAPIClient.swift */; };
		F911442C25FB77AA00B8D9BA /* DupljeZevsVremeAPIClient.swift in Sources */ = {isa = PBXBuildFile; fileRef = F911442A25FB77AA00B8D9BA /* DupljeZevsVremeAPIClient.swift */; };
		F911443325FB799E00B8D9BA /* DupljeZevsVremeModel.swift in Sources */ = {isa = PBXBuildFile; fileRef = F911443225FB799E00B8D9BA /* DupljeZevsVremeModel.swift */; };
		F911443425FB799E00B8D9BA /* DupljeZevsVremeModel.swift in Sources */ = {isa = PBXBuildFile; fileRef = F911443225FB799E00B8D9BA /* DupljeZevsVremeModel.swift */; };
		F911443825FB9AAE00B8D9BA /* DupljeZevsVremeModelBuilder.swift in Sources */ = {isa = PBXBuildFile; fileRef = F911443725FB9AAE00B8D9BA /* DupljeZevsVremeModelBuilder.swift */; };
		F911443925FB9AAE00B8D9BA /* DupljeZevsVremeModelBuilder.swift in Sources */ = {isa = PBXBuildFile; fileRef = F911443725FB9AAE00B8D9BA /* DupljeZevsVremeModelBuilder.swift */; };
		F911446E25FBA8BE00B8D9BA /* SunViewModel.swift in Sources */ = {isa = PBXBuildFile; fileRef = F911446625FBA8BE00B8D9BA /* SunViewModel.swift */; };
		F911446F25FBA8BE00B8D9BA /* WindViewModel.swift in Sources */ = {isa = PBXBuildFile; fileRef = F911446725FBA8BE00B8D9BA /* WindViewModel.swift */; };
		F911447025FBA8BE00B8D9BA /* RainViewModel.swift in Sources */ = {isa = PBXBuildFile; fileRef = F911446825FBA8BE00B8D9BA /* RainViewModel.swift */; };
		F911447125FBA8BE00B8D9BA /* PressureViewModel.swift in Sources */ = {isa = PBXBuildFile; fileRef = F911446925FBA8BE00B8D9BA /* PressureViewModel.swift */; };
		F911447225FBA8BE00B8D9BA /* HumidityViewModel.swift in Sources */ = {isa = PBXBuildFile; fileRef = F911446A25FBA8BE00B8D9BA /* HumidityViewModel.swift */; };
		F911447325FBA8BE00B8D9BA /* WeatherViewModelProtocol.swift in Sources */ = {isa = PBXBuildFile; fileRef = F911446B25FBA8BE00B8D9BA /* WeatherViewModelProtocol.swift */; };
		F911447425FBA8BE00B8D9BA /* TemperatureViewModel.swift in Sources */ = {isa = PBXBuildFile; fileRef = F911446C25FBA8BE00B8D9BA /* TemperatureViewModel.swift */; };
		F911447C25FBABD600B8D9BA /* DateExtension.swift in Sources */ = {isa = PBXBuildFile; fileRef = F911447B25FBABD600B8D9BA /* DateExtension.swift */; };
		F911447D25FBABD600B8D9BA /* DateExtension.swift in Sources */ = {isa = PBXBuildFile; fileRef = F911447B25FBABD600B8D9BA /* DateExtension.swift */; };
		F911448625FBAE8F00B8D9BA /* WeatherListView.swift in Sources */ = {isa = PBXBuildFile; fileRef = F911448525FBAE8F00B8D9BA /* WeatherListView.swift */; };
		F911448C25FBAF3300B8D9BA /* DupljeZevsVremeViewModel.swift in Sources */ = {isa = PBXBuildFile; fileRef = F911448B25FBAF3300B8D9BA /* DupljeZevsVremeViewModel.swift */; };
		F9745B4E25FCFBCA007073D1 /* DupljeZevsVremeWidgetViewModel.swift in Sources */ = {isa = PBXBuildFile; fileRef = F9745B4D25FCFBCA007073D1 /* DupljeZevsVremeWidgetViewModel.swift */; };
		F9745B5325FD5BBB007073D1 /* DupljeZevsVremeWidgetEntryView.swift in Sources */ = {isa = PBXBuildFile; fileRef = F9745B5225FD5BBB007073D1 /* DupljeZevsVremeWidgetEntryView.swift */; };
		F9745B5925FD5FF3007073D1 /* BackgroundView.swift in Sources */ = {isa = PBXBuildFile; fileRef = F9745B5825FD5FF3007073D1 /* BackgroundView.swift */; };
		F9745B5D25FEA4DE007073D1 /* DupljeZevsVremeWidgetProvider.swift in Sources */ = {isa = PBXBuildFile; fileRef = F9745B5C25FEA4DE007073D1 /* DupljeZevsVremeWidgetProvider.swift */; };
/* End PBXBuildFile section */

/* Begin PBXContainerItemProxy section */
		F911441F25FB773D00B8D9BA /* PBXContainerItemProxy */ = {
			isa = PBXContainerItemProxy;
			containerPortal = F91143F425FB772600B8D9BA /* Project object */;
			proxyType = 1;
			remoteGlobalIDString = F911441225FB773C00B8D9BA;
			remoteInfo = DupljeZevsVremeWidgetExtension;
		};
/* End PBXContainerItemProxy section */

/* Begin PBXCopyFilesBuildPhase section */
		F911442525FB773D00B8D9BA /* Embed App Extensions */ = {
			isa = PBXCopyFilesBuildPhase;
			buildActionMask = 2147483647;
			dstPath = "";
			dstSubfolderSpec = 13;
			files = (
				F911442125FB773D00B8D9BA /* DupljeZevsVremeWidgetExtension.appex in Embed App Extensions */,
			);
			name = "Embed App Extensions";
			runOnlyForDeploymentPostprocessing = 0;
		};
/* End PBXCopyFilesBuildPhase section */

/* Begin PBXFileReference section */
		F91143FC25FB772600B8D9BA /* DupljeZevsVreme.app */ = {isa = PBXFileReference; explicitFileType = wrapper.application; includeInIndex = 0; path = DupljeZevsVreme.app; sourceTree = BUILT_PRODUCTS_DIR; };
		F91143FF25FB772600B8D9BA /* DupljeZevsVremeApp.swift */ = {isa = PBXFileReference; lastKnownFileType = sourcecode.swift; path = DupljeZevsVremeApp.swift; sourceTree = "<group>"; };
		F911440125FB772600B8D9BA /* ContentView.swift */ = {isa = PBXFileReference; lastKnownFileType = sourcecode.swift; path = ContentView.swift; sourceTree = "<group>"; };
		F911440325FB772700B8D9BA /* Assets.xcassets */ = {isa = PBXFileReference; lastKnownFileType = folder.assetcatalog; path = Assets.xcassets; sourceTree = "<group>"; };
		F911440625FB772700B8D9BA /* Preview Assets.xcassets */ = {isa = PBXFileReference; lastKnownFileType = folder.assetcatalog; path = "Preview Assets.xcassets"; sourceTree = "<group>"; };
		F911440825FB772700B8D9BA /* Info.plist */ = {isa = PBXFileReference; lastKnownFileType = text.plist.xml; path = Info.plist; sourceTree = "<group>"; };
		F911441325FB773C00B8D9BA /* DupljeZevsVremeWidgetExtension.appex */ = {isa = PBXFileReference; explicitFileType = "wrapper.app-extension"; includeInIndex = 0; path = DupljeZevsVremeWidgetExtension.appex; sourceTree = BUILT_PRODUCTS_DIR; };
		F911441525FB773C00B8D9BA /* WidgetKit.framework */ = {isa = PBXFileReference; lastKnownFileType = wrapper.framework; name = WidgetKit.framework; path = System/Library/Frameworks/WidgetKit.framework; sourceTree = SDKROOT; };
		F911441725FB773C00B8D9BA /* SwiftUI.framework */ = {isa = PBXFileReference; lastKnownFileType = wrapper.framework; name = SwiftUI.framework; path = System/Library/Frameworks/SwiftUI.framework; sourceTree = SDKROOT; };
		F911441A25FB773C00B8D9BA /* DupljeZevsVremeWidget.swift */ = {isa = PBXFileReference; lastKnownFileType = sourcecode.swift; path = DupljeZevsVremeWidget.swift; sourceTree = "<group>"; };
		F911441C25FB773D00B8D9BA /* Assets.xcassets */ = {isa = PBXFileReference; lastKnownFileType = folder.assetcatalog; path = Assets.xcassets; sourceTree = "<group>"; };
		F911441E25FB773D00B8D9BA /* Info.plist */ = {isa = PBXFileReference; lastKnownFileType = text.plist.xml; path = Info.plist; sourceTree = "<group>"; };
		F911442A25FB77AA00B8D9BA /* DupljeZevsVremeAPIClient.swift */ = {isa = PBXFileReference; lastKnownFileType = sourcecode.swift; path = DupljeZevsVremeAPIClient.swift; sourceTree = "<group>"; };
		F911443225FB799E00B8D9BA /* DupljeZevsVremeModel.swift */ = {isa = PBXFileReference; lastKnownFileType = sourcecode.swift; path = DupljeZevsVremeModel.swift; sourceTree = "<group>"; };
		F911443725FB9AAE00B8D9BA /* DupljeZevsVremeModelBuilder.swift */ = {isa = PBXFileReference; lastKnownFileType = sourcecode.swift; path = DupljeZevsVremeModelBuilder.swift; sourceTree = "<group>"; };
		F911446625FBA8BE00B8D9BA /* SunViewModel.swift */ = {isa = PBXFileReference; fileEncoding = 4; lastKnownFileType = sourcecode.swift; path = SunViewModel.swift; sourceTree = "<group>"; };
		F911446725FBA8BE00B8D9BA /* WindViewModel.swift */ = {isa = PBXFileReference; fileEncoding = 4; lastKnownFileType = sourcecode.swift; path = WindViewModel.swift; sourceTree = "<group>"; };
		F911446825FBA8BE00B8D9BA /* RainViewModel.swift */ = {isa = PBXFileReference; fileEncoding = 4; lastKnownFileType = sourcecode.swift; path = RainViewModel.swift; sourceTree = "<group>"; };
		F911446925FBA8BE00B8D9BA /* PressureViewModel.swift */ = {isa = PBXFileReference; fileEncoding = 4; lastKnownFileType = sourcecode.swift; path = PressureViewModel.swift; sourceTree = "<group>"; };
		F911446A25FBA8BE00B8D9BA /* HumidityViewModel.swift */ = {isa = PBXFileReference; fileEncoding = 4; lastKnownFileType = sourcecode.swift; path = HumidityViewModel.swift; sourceTree = "<group>"; };
		F911446B25FBA8BE00B8D9BA /* WeatherViewModelProtocol.swift */ = {isa = PBXFileReference; fileEncoding = 4; lastKnownFileType = sourcecode.swift; path = WeatherViewModelProtocol.swift; sourceTree = "<group>"; };
		F911446C25FBA8BE00B8D9BA /* TemperatureViewModel.swift */ = {isa = PBXFileReference; fileEncoding = 4; lastKnownFileType = sourcecode.swift; path = TemperatureViewModel.swift; sourceTree = "<group>"; };
		F911447B25FBABD600B8D9BA /* DateExtension.swift */ = {isa = PBXFileReference; lastKnownFileType = sourcecode.swift; path = DateExtension.swift; sourceTree = "<group>"; };
		F911448525FBAE8F00B8D9BA /* WeatherListView.swift */ = {isa = PBXFileReference; lastKnownFileType = sourcecode.swift; path = WeatherListView.swift; sourceTree = "<group>"; };
		F911448B25FBAF3300B8D9BA /* DupljeZevsVremeViewModel.swift */ = {isa = PBXFileReference; lastKnownFileType = sourcecode.swift; path = DupljeZevsVremeViewModel.swift; sourceTree = "<group>"; };
		F9745B4D25FCFBCA007073D1 /* DupljeZevsVremeWidgetViewModel.swift */ = {isa = PBXFileReference; lastKnownFileType = sourcecode.swift; path = DupljeZevsVremeWidgetViewModel.swift; sourceTree = "<group>"; };
		F9745B5225FD5BBB007073D1 /* DupljeZevsVremeWidgetEntryView.swift */ = {isa = PBXFileReference; lastKnownFileType = sourcecode.swift; path = DupljeZevsVremeWidgetEntryView.swift; sourceTree = "<group>"; };
		F9745B5825FD5FF3007073D1 /* BackgroundView.swift */ = {isa = PBXFileReference; lastKnownFileType = sourcecode.swift; path = BackgroundView.swift; sourceTree = "<group>"; };
		F9745B5C25FEA4DE007073D1 /* DupljeZevsVremeWidgetProvider.swift */ = {isa = PBXFileReference; lastKnownFileType = sourcecode.swift; path = DupljeZevsVremeWidgetProvider.swift; sourceTree = "<group>"; };
/* End PBXFileReference section */

/* Begin PBXFrameworksBuildPhase section */
		F91143F925FB772600B8D9BA /* Frameworks */ = {
			isa = PBXFrameworksBuildPhase;
			buildActionMask = 2147483647;
			files = (
			);
			runOnlyForDeploymentPostprocessing = 0;
		};
		F911441025FB773C00B8D9BA /* Frameworks */ = {
			isa = PBXFrameworksBuildPhase;
			buildActionMask = 2147483647;
			files = (
				F911441825FB773C00B8D9BA /* SwiftUI.framework in Frameworks */,
				F911441625FB773C00B8D9BA /* WidgetKit.framework in Frameworks */,
			);
			runOnlyForDeploymentPostprocessing = 0;
		};
/* End PBXFrameworksBuildPhase section */

/* Begin PBXGroup section */
		F91143F325FB772600B8D9BA = {
			isa = PBXGroup;
			children = (
				F911442825FB777300B8D9BA /* Shared */,
				F91143FE25FB772600B8D9BA /* DupljeZevsVreme */,
				F911441925FB773C00B8D9BA /* DupljeZevsVremeWidget */,
				F911441425FB773C00B8D9BA /* Frameworks */,
				F91143FD25FB772600B8D9BA /* Products */,
			);
			sourceTree = "<group>";
		};
		F91143FD25FB772600B8D9BA /* Products */ = {
			isa = PBXGroup;
			children = (
				F91143FC25FB772600B8D9BA /* DupljeZevsVreme.app */,
				F911441325FB773C00B8D9BA /* DupljeZevsVremeWidgetExtension.appex */,
			);
			name = Products;
			sourceTree = "<group>";
		};
		F91143FE25FB772600B8D9BA /* DupljeZevsVreme */ = {
			isa = PBXGroup;
			children = (
				F911446525FBA8B400B8D9BA /* ViewModel */,
				F911448425FBAE5300B8D9BA /* View */,
				F91143FF25FB772600B8D9BA /* DupljeZevsVremeApp.swift */,
				F911440325FB772700B8D9BA /* Assets.xcassets */,
				F911440825FB772700B8D9BA /* Info.plist */,
				F911440525FB772700B8D9BA /* Preview Content */,
			);
			path = DupljeZevsVreme;
			sourceTree = "<group>";
		};
		F911440525FB772700B8D9BA /* Preview Content */ = {
			isa = PBXGroup;
			children = (
				F911440625FB772700B8D9BA /* Preview Assets.xcassets */,
			);
			path = "Preview Content";
			sourceTree = "<group>";
		};
		F911441425FB773C00B8D9BA /* Frameworks */ = {
			isa = PBXGroup;
			children = (
				F911441525FB773C00B8D9BA /* WidgetKit.framework */,
				F911441725FB773C00B8D9BA /* SwiftUI.framework */,
			);
			name = Frameworks;
			sourceTree = "<group>";
		};
		F911441925FB773C00B8D9BA /* DupljeZevsVremeWidget */ = {
			isa = PBXGroup;
			children = (
				F9745B4C25FCFBA1007073D1 /* ViewModel */,
				F9745B5125FD5BA8007073D1 /* View */,
				F911441A25FB773C00B8D9BA /* DupljeZevsVremeWidget.swift */,
				F9745B5C25FEA4DE007073D1 /* DupljeZevsVremeWidgetProvider.swift */,
				F911441C25FB773D00B8D9BA /* Assets.xcassets */,
				F911441E25FB773D00B8D9BA /* Info.plist */,
			);
			path = DupljeZevsVremeWidget;
			sourceTree = "<group>";
		};
		F911442825FB777300B8D9BA /* Shared */ = {
			isa = PBXGroup;
			children = (
				F911447A25FBABBC00B8D9BA /* Util */,
				F911443125FB798900B8D9BA /* Model */,
				F911442925FB778100B8D9BA /* Network */,
			);
			path = Shared;
			sourceTree = "<group>";
		};
		F911442925FB778100B8D9BA /* Network */ = {
			isa = PBXGroup;
			children = (
				F911442A25FB77AA00B8D9BA /* DupljeZevsVremeAPIClient.swift */,
			);
			path = Network;
			sourceTree = "<group>";
		};
		F911443125FB798900B8D9BA /* Model */ = {
			isa = PBXGroup;
			children = (
				F911443225FB799E00B8D9BA /* DupljeZevsVremeModel.swift */,
				F911443725FB9AAE00B8D9BA /* DupljeZevsVremeModelBuilder.swift */,
			);
			path = Model;
			sourceTree = "<group>";
		};
		F911446525FBA8B400B8D9BA /* ViewModel */ = {
			isa = PBXGroup;
			children = (
				F911446B25FBA8BE00B8D9BA /* WeatherViewModelProtocol.swift */,
				F911446C25FBA8BE00B8D9BA /* TemperatureViewModel.swift */,
				F911446A25FBA8BE00B8D9BA /* HumidityViewModel.swift */,
				F911446725FBA8BE00B8D9BA /* WindViewModel.swift */,
				F911446825FBA8BE00B8D9BA /* RainViewModel.swift */,
				F911446625FBA8BE00B8D9BA /* SunViewModel.swift */,
				F911446925FBA8BE00B8D9BA /* PressureViewModel.swift */,
				F911448B25FBAF3300B8D9BA /* DupljeZevsVremeViewModel.swift */,
			);
			path = ViewModel;
			sourceTree = "<group>";
		};
		F911447A25FBABBC00B8D9BA /* Util */ = {
			isa = PBXGroup;
			children = (
				F911447B25FBABD600B8D9BA /* DateExtension.swift */,
			);
			path = Util;
			sourceTree = "<group>";
		};
		F911448425FBAE5300B8D9BA /* View */ = {
			isa = PBXGroup;
			children = (
				F911440125FB772600B8D9BA /* ContentView.swift */,
				F911448525FBAE8F00B8D9BA /* WeatherListView.swift */,
			);
			path = View;
			sourceTree = "<group>";
		};
		F9745B4C25FCFBA1007073D1 /* ViewModel */ = {
			isa = PBXGroup;
			children = (
				F9745B4D25FCFBCA007073D1 /* DupljeZevsVremeWidgetViewModel.swift */,
			);
			path = ViewModel;
			sourceTree = "<group>";
		};
		F9745B5125FD5BA8007073D1 /* View */ = {
			isa = PBXGroup;
			children = (
				F9745B5225FD5BBB007073D1 /* DupljeZevsVremeWidgetEntryView.swift */,
				F9745B5825FD5FF3007073D1 /* BackgroundView.swift */,
			);
			path = View;
			sourceTree = "<group>";
		};
/* End PBXGroup section */

/* Begin PBXNativeTarget section */
		F91143FB25FB772600B8D9BA /* DupljeZevsVreme */ = {
			isa = PBXNativeTarget;
			buildConfigurationList = F911440B25FB772700B8D9BA /* Build configuration list for PBXNativeTarget "DupljeZevsVreme" */;
			buildPhases = (
				F91143F825FB772600B8D9BA /* Sources */,
				F91143F925FB772600B8D9BA /* Frameworks */,
				F91143FA25FB772600B8D9BA /* Resources */,
				F911442525FB773D00B8D9BA /* Embed App Extensions */,
			);
			buildRules = (
			);
			dependencies = (
				F911442025FB773D00B8D9BA /* PBXTargetDependency */,
			);
			name = DupljeZevsVreme;
			productName = DupljeZevsVreme;
			productReference = F91143FC25FB772600B8D9BA /* DupljeZevsVreme.app */;
			productType = "com.apple.product-type.application";
		};
		F911441225FB773C00B8D9BA /* DupljeZevsVremeWidgetExtension */ = {
			isa = PBXNativeTarget;
			buildConfigurationList = F911442225FB773D00B8D9BA /* Build configuration list for PBXNativeTarget "DupljeZevsVremeWidgetExtension" */;
			buildPhases = (
				F911440F25FB773C00B8D9BA /* Sources */,
				F911441025FB773C00B8D9BA /* Frameworks */,
				F911441125FB773C00B8D9BA /* Resources */,
			);
			buildRules = (
			);
			dependencies = (
			);
			name = DupljeZevsVremeWidgetExtension;
			productName = DupljeZevsVremeWidgetExtension;
			productReference = F911441325FB773C00B8D9BA /* DupljeZevsVremeWidgetExtension.appex */;
			productType = "com.apple.product-type.app-extension";
		};
/* End PBXNativeTarget section */

/* Begin PBXProject section */
		F91143F425FB772600B8D9BA /* Project object */ = {
			isa = PBXProject;
			attributes = {
				LastSwiftUpdateCheck = 1240;
				LastUpgradeCheck = 1240;
				TargetAttributes = {
					F91143FB25FB772600B8D9BA = {
						CreatedOnToolsVersion = 12.4;
					};
					F911441225FB773C00B8D9BA = {
						CreatedOnToolsVersion = 12.4;
					};
				};
			};
			buildConfigurationList = F91143F725FB772600B8D9BA /* Build configuration list for PBXProject "DupljeZevsVreme" */;
			compatibilityVersion = "Xcode 9.3";
			developmentRegion = en;
			hasScannedForEncodings = 0;
			knownRegions = (
				en,
				Base,
			);
			mainGroup = F91143F325FB772600B8D9BA;
			productRefGroup = F91143FD25FB772600B8D9BA /* Products */;
			projectDirPath = "";
			projectRoot = "";
			targets = (
				F91143FB25FB772600B8D9BA /* DupljeZevsVreme */,
				F911441225FB773C00B8D9BA /* DupljeZevsVremeWidgetExtension */,
			);
		};
/* End PBXProject section */

/* Begin PBXResourcesBuildPhase section */
		F91143FA25FB772600B8D9BA /* Resources */ = {
			isa = PBXResourcesBuildPhase;
			buildActionMask = 2147483647;
			files = (
				F911440725FB772700B8D9BA /* Preview Assets.xcassets in Resources */,
				F911440425FB772700B8D9BA /* Assets.xcassets in Resources */,
			);
			runOnlyForDeploymentPostprocessing = 0;
		};
		F911441125FB773C00B8D9BA /* Resources */ = {
			isa = PBXResourcesBuildPhase;
			buildActionMask = 2147483647;
			files = (
				F911441D25FB773D00B8D9BA /* Assets.xcassets in Resources */,
			);
			runOnlyForDeploymentPostprocessing = 0;
		};
/* End PBXResourcesBuildPhase section */

/* Begin PBXSourcesBuildPhase section */
		F91143F825FB772600B8D9BA /* Sources */ = {
			isa = PBXSourcesBuildPhase;
			buildActionMask = 2147483647;
			files = (
				F911440225FB772600B8D9BA /* ContentView.swift in Sources */,
				F911447C25FBABD600B8D9BA /* DateExtension.swift in Sources */,
				F911447125FBA8BE00B8D9BA /* PressureViewModel.swift in Sources */,
				F911446E25FBA8BE00B8D9BA /* SunViewModel.swift in Sources */,
				F911447225FBA8BE00B8D9BA /* HumidityViewModel.swift in Sources */,
				F911443825FB9AAE00B8D9BA /* DupljeZevsVremeModelBuilder.swift in Sources */,
				F911448C25FBAF3300B8D9BA /* DupljeZevsVremeViewModel.swift in Sources */,
				F911443325FB799E00B8D9BA /* DupljeZevsVremeModel.swift in Sources */,
				F911447025FBA8BE00B8D9BA /* RainViewModel.swift in Sources */,
				F911446F25FBA8BE00B8D9BA /* WindViewModel.swift in Sources */,
				F911440025FB772600B8D9BA /* DupljeZevsVremeApp.swift in Sources */,
				F911442B25FB77AA00B8D9BA /* DupljeZevsVremeAPIClient.swift in Sources */,
				F911448625FBAE8F00B8D9BA /* WeatherListView.swift in Sources */,
				F911447325FBA8BE00B8D9BA /* WeatherViewModelProtocol.swift in Sources */,
				F911447425FBA8BE00B8D9BA /* TemperatureViewModel.swift in Sources */,
			);
			runOnlyForDeploymentPostprocessing = 0;
		};
		F911440F25FB773C00B8D9BA /* Sources */ = {
			isa = PBXSourcesBuildPhase;
			buildActionMask = 2147483647;
			files = (
				F911443425FB799E00B8D9BA /* DupljeZevsVremeModel.swift in Sources */,
				F9745B5325FD5BBB007073D1 /* DupljeZevsVremeWidgetEntryView.swift in Sources */,
				F9745B5925FD5FF3007073D1 /* BackgroundView.swift in Sources */,
				F911447D25FBABD600B8D9BA /* DateExtension.swift in Sources */,
				F911443925FB9AAE00B8D9BA /* DupljeZevsVremeModelBuilder.swift in Sources */,
				F911441B25FB773C00B8D9BA /* DupljeZevsVremeWidget.swift in Sources */,
				F9745B4E25FCFBCA007073D1 /* DupljeZevsVremeWidgetViewModel.swift in Sources */,
				F9745B5D25FEA4DE007073D1 /* DupljeZevsVremeWidgetProvider.swift in Sources */,
				F911442C25FB77AA00B8D9BA /* DupljeZevsVremeAPIClient.swift in Sources */,
			);
			runOnlyForDeploymentPostprocessing = 0;
		};
/* End PBXSourcesBuildPhase section */

/* Begin PBXTargetDependency section */
		F911442025FB773D00B8D9BA /* PBXTargetDependency */ = {
			isa = PBXTargetDependency;
			target = F911441225FB773C00B8D9BA /* DupljeZevsVremeWidgetExtension */;
			targetProxy = F911441F25FB773D00B8D9BA /* PBXContainerItemProxy */;
		};
/* End PBXTargetDependency section */

/* Begin XCBuildConfiguration section */
		F911440925FB772700B8D9BA /* Debug */ = {
			isa = XCBuildConfiguration;
			buildSettings = {
				ALWAYS_SEARCH_USER_PATHS = NO;
				CLANG_ANALYZER_NONNULL = YES;
				CLANG_ANALYZER_NUMBER_OBJECT_CONVERSION = YES_AGGRESSIVE;
				CLANG_CXX_LANGUAGE_STANDARD = "gnu++14";
				CLANG_CXX_LIBRARY = "libc++";
				CLANG_ENABLE_MODULES = YES;
				CLANG_ENABLE_OBJC_ARC = YES;
				CLANG_ENABLE_OBJC_WEAK = YES;
				CLANG_WARN_BLOCK_CAPTURE_AUTORELEASING = YES;
				CLANG_WARN_BOOL_CONVERSION = YES;
				CLANG_WARN_COMMA = YES;
				CLANG_WARN_CONSTANT_CONVERSION = YES;
				CLANG_WARN_DEPRECATED_OBJC_IMPLEMENTATIONS = YES;
				CLANG_WARN_DIRECT_OBJC_ISA_USAGE = YES_ERROR;
				CLANG_WARN_DOCUMENTATION_COMMENTS = YES;
				CLANG_WARN_EMPTY_BODY = YES;
				CLANG_WARN_ENUM_CONVERSION = YES;
				CLANG_WARN_INFINITE_RECURSION = YES;
				CLANG_WARN_INT_CONVERSION = YES;
				CLANG_WARN_NON_LITERAL_NULL_CONVERSION = YES;
				CLANG_WARN_OBJC_IMPLICIT_RETAIN_SELF = YES;
				CLANG_WARN_OBJC_LITERAL_CONVERSION = YES;
				CLANG_WARN_OBJC_ROOT_CLASS = YES_ERROR;
				CLANG_WARN_QUOTED_INCLUDE_IN_FRAMEWORK_HEADER = YES;
				CLANG_WARN_RANGE_LOOP_ANALYSIS = YES;
				CLANG_WARN_STRICT_PROTOTYPES = YES;
				CLANG_WARN_SUSPICIOUS_MOVE = YES;
				CLANG_WARN_UNGUARDED_AVAILABILITY = YES_AGGRESSIVE;
				CLANG_WARN_UNREACHABLE_CODE = YES;
				CLANG_WARN__DUPLICATE_METHOD_MATCH = YES;
				COPY_PHASE_STRIP = NO;
				DEBUG_INFORMATION_FORMAT = dwarf;
				ENABLE_STRICT_OBJC_MSGSEND = YES;
				ENABLE_TESTABILITY = YES;
				GCC_C_LANGUAGE_STANDARD = gnu11;
				GCC_DYNAMIC_NO_PIC = NO;
				GCC_NO_COMMON_BLOCKS = YES;
				GCC_OPTIMIZATION_LEVEL = 0;
				GCC_PREPROCESSOR_DEFINITIONS = (
					"DEBUG=1",
					"$(inherited)",
				);
				GCC_WARN_64_TO_32_BIT_CONVERSION = YES;
				GCC_WARN_ABOUT_RETURN_TYPE = YES_ERROR;
				GCC_WARN_UNDECLARED_SELECTOR = YES;
				GCC_WARN_UNINITIALIZED_AUTOS = YES_AGGRESSIVE;
				GCC_WARN_UNUSED_FUNCTION = YES;
				GCC_WARN_UNUSED_VARIABLE = YES;
				IPHONEOS_DEPLOYMENT_TARGET = 14.4;
				MTL_ENABLE_DEBUG_INFO = INCLUDE_SOURCE;
				MTL_FAST_MATH = YES;
				ONLY_ACTIVE_ARCH = YES;
				SDKROOT = iphoneos;
				SWIFT_ACTIVE_COMPILATION_CONDITIONS = DEBUG;
				SWIFT_OPTIMIZATION_LEVEL = "-Onone";
			};
			name = Debug;
		};
		F911440A25FB772700B8D9BA /* Release */ = {
			isa = XCBuildConfiguration;
			buildSettings = {
				ALWAYS_SEARCH_USER_PATHS = NO;
				CLANG_ANALYZER_NONNULL = YES;
				CLANG_ANALYZER_NUMBER_OBJECT_CONVERSION = YES_AGGRESSIVE;
				CLANG_CXX_LANGUAGE_STANDARD = "gnu++14";
				CLANG_CXX_LIBRARY = "libc++";
				CLANG_ENABLE_MODULES = YES;
				CLANG_ENABLE_OBJC_ARC = YES;
				CLANG_ENABLE_OBJC_WEAK = YES;
				CLANG_WARN_BLOCK_CAPTURE_AUTORELEASING = YES;
				CLANG_WARN_BOOL_CONVERSION = YES;
				CLANG_WARN_COMMA = YES;
				CLANG_WARN_CONSTANT_CONVERSION = YES;
				CLANG_WARN_DEPRECATED_OBJC_IMPLEMENTATIONS = YES;
				CLANG_WARN_DIRECT_OBJC_ISA_USAGE = YES_ERROR;
				CLANG_WARN_DOCUMENTATION_COMMENTS = YES;
				CLANG_WARN_EMPTY_BODY = YES;
				CLANG_WARN_ENUM_CONVERSION = YES;
				CLANG_WARN_INFINITE_RECURSION = YES;
				CLANG_WARN_INT_CONVERSION = YES;
				CLANG_WARN_NON_LITERAL_NULL_CONVERSION = YES;
				CLANG_WARN_OBJC_IMPLICIT_RETAIN_SELF = YES;
				CLANG_WARN_OBJC_LITERAL_CONVERSION = YES;
				CLANG_WARN_OBJC_ROOT_CLASS = YES_ERROR;
				CLANG_WARN_QUOTED_INCLUDE_IN_FRAMEWORK_HEADER = YES;
				CLANG_WARN_RANGE_LOOP_ANALYSIS = YES;
				CLANG_WARN_STRICT_PROTOTYPES = YES;
				CLANG_WARN_SUSPICIOUS_MOVE = YES;
				CLANG_WARN_UNGUARDED_AVAILABILITY = YES_AGGRESSIVE;
				CLANG_WARN_UNREACHABLE_CODE = YES;
				CLANG_WARN__DUPLICATE_METHOD_MATCH = YES;
				COPY_PHASE_STRIP = NO;
				DEBUG_INFORMATION_FORMAT = "dwarf-with-dsym";
				ENABLE_NS_ASSERTIONS = NO;
				ENABLE_STRICT_OBJC_MSGSEND = YES;
				GCC_C_LANGUAGE_STANDARD = gnu11;
				GCC_NO_COMMON_BLOCKS = YES;
				GCC_WARN_64_TO_32_BIT_CONVERSION = YES;
				GCC_WARN_ABOUT_RETURN_TYPE = YES_ERROR;
				GCC_WARN_UNDECLARED_SELECTOR = YES;
				GCC_WARN_UNINITIALIZED_AUTOS = YES_AGGRESSIVE;
				GCC_WARN_UNUSED_FUNCTION = YES;
				GCC_WARN_UNUSED_VARIABLE = YES;
				IPHONEOS_DEPLOYMENT_TARGET = 14.4;
				MTL_ENABLE_DEBUG_INFO = NO;
				MTL_FAST_MATH = YES;
				SDKROOT = iphoneos;
				SWIFT_COMPILATION_MODE = wholemodule;
				SWIFT_OPTIMIZATION_LEVEL = "-O";
				VALIDATE_PRODUCT = YES;
			};
			name = Release;
		};
		F911440C25FB772700B8D9BA /* Debug */ = {
			isa = XCBuildConfiguration;
			buildSettings = {
				ALWAYS_EMBED_SWIFT_STANDARD_LIBRARIES = YES;
				ASSETCATALOG_COMPILER_APPICON_NAME = AppIcon;
				ASSETCATALOG_COMPILER_GLOBAL_ACCENT_COLOR_NAME = AccentColor;
				CODE_SIGN_STYLE = Automatic;
				DEVELOPMENT_ASSET_PATHS = "\"DupljeZevsVreme/Preview Content\"";
				DEVELOPMENT_TEAM = MYU2R75VRP;
				ENABLE_PREVIEWS = YES;
				INFOPLIST_FILE = DupljeZevsVreme/Info.plist;
				IPHONEOS_DEPLOYMENT_TARGET = 14.0;
				LD_RUNPATH_SEARCH_PATHS = (
					"$(inherited)",
					"@executable_path/Frameworks",
				);
				PRODUCT_BUNDLE_IDENTIFIER = si.majcn.DupljeZevsVreme;
				PRODUCT_NAME = "$(TARGET_NAME)";
				SWIFT_VERSION = 5.0;
				TARGETED_DEVICE_FAMILY = "1,2";
			};
			name = Debug;
		};
		F911440D25FB772700B8D9BA /* Release */ = {
			isa = XCBuildConfiguration;
			buildSettings = {
				ALWAYS_EMBED_SWIFT_STANDARD_LIBRARIES = YES;
				ASSETCATALOG_COMPILER_APPICON_NAME = AppIcon;
				ASSETCATALOG_COMPILER_GLOBAL_ACCENT_COLOR_NAME = AccentColor;
				CODE_SIGN_STYLE = Automatic;
				DEVELOPMENT_ASSET_PATHS = "\"DupljeZevsVreme/Preview Content\"";
				DEVELOPMENT_TEAM = MYU2R75VRP;
				ENABLE_PREVIEWS = YES;
				INFOPLIST_FILE = DupljeZevsVreme/Info.plist;
				IPHONEOS_DEPLOYMENT_TARGET = 14.0;
				LD_RUNPATH_SEARCH_PATHS = (
					"$(inherited)",
					"@executable_path/Frameworks",
				);
				PRODUCT_BUNDLE_IDENTIFIER = si.majcn.DupljeZevsVreme;
				PRODUCT_NAME = "$(TARGET_NAME)";
				SWIFT_VERSION = 5.0;
				TARGETED_DEVICE_FAMILY = "1,2";
			};
			name = Release;
		};
		F911442325FB773D00B8D9BA /* Debug */ = {
			isa = XCBuildConfiguration;
			buildSettings = {
				ASSETCATALOG_COMPILER_GLOBAL_ACCENT_COLOR_NAME = AccentColor;
				ASSETCATALOG_COMPILER_WIDGET_BACKGROUND_COLOR_NAME = WidgetBackground;
				CODE_SIGN_STYLE = Automatic;
				DEVELOPMENT_TEAM = MYU2R75VRP;
				INFOPLIST_FILE = DupljeZevsVremeWidget/Info.plist;
				LD_RUNPATH_SEARCH_PATHS = (
					"$(inherited)",
					"@executable_path/Frameworks",
					"@executable_path/../../Frameworks",
				);
				PRODUCT_BUNDLE_IDENTIFIER = si.majcn.DupljeZevsVreme.DupljeZevsVremeWidget;
				PRODUCT_NAME = "$(TARGET_NAME)";
				SKIP_INSTALL = YES;
				SWIFT_VERSION = 5.0;
				TARGETED_DEVICE_FAMILY = "1,2";
			};
			name = Debug;
		};
		F911442425FB773D00B8D9BA /* Release */ = {
			isa = XCBuildConfiguration;
			buildSettings = {
				ASSETCATALOG_COMPILER_GLOBAL_ACCENT_COLOR_NAME = AccentColor;
				ASSETCATALOG_COMPILER_WIDGET_BACKGROUND_COLOR_NAME = WidgetBackground;
				CODE_SIGN_STYLE = Automatic;
				DEVELOPMENT_TEAM = MYU2R75VRP;
				INFOPLIST_FILE = DupljeZevsVremeWidget/Info.plist;
				LD_RUNPATH_SEARCH_PATHS = (
					"$(inherited)",
					"@executable_path/Frameworks",
					"@executable_path/../../Frameworks",
				);
				PRODUCT_BUNDLE_IDENTIFIER = si.majcn.DupljeZevsVreme.DupljeZevsVremeWidget;
				PRODUCT_NAME = "$(TARGET_NAME)";
				SKIP_INSTALL = YES;
				SWIFT_VERSION = 5.0;
				TARGETED_DEVICE_FAMILY = "1,2";
			};
			name = Release;
		};
/* End XCBuildConfiguration section */

/* Begin XCConfigurationList section */
		F91143F725FB772600B8D9BA /* Build configuration list for PBXProject "DupljeZevsVreme" */ = {
			isa = XCConfigurationList;
			buildConfigurations = (
				F911440925FB772700B8D9BA /* Debug */,
				F911440A25FB772700B8D9BA /* Release */,
			);
			defaultConfigurationIsVisible = 0;
			defaultConfigurationName = Release;
		};
		F911440B25FB772700B8D9BA /* Build configuration list for PBXNativeTarget "DupljeZevsVreme" */ = {
			isa = XCConfigurationList;
			buildConfigurations = (
				F911440C25FB772700B8D9BA /* Debug */,
				F911440D25FB772700B8D9BA /* Release */,
			);
			defaultConfigurationIsVisible = 0;
			defaultConfigurationName = Release;
		};
		F911442225FB773D00B8D9BA /* Build configuration list for PBXNativeTarget "DupljeZevsVremeWidgetExtension" */ = {
			isa = XCConfigurationList;
			buildConfigurations = (
				F911442325FB773D00B8D9BA /* Debug */,
				F911442425FB773D00B8D9BA /* Release */,
			);
			defaultConfigurationIsVisible = 0;
			defaultConfigurationName = Release;
		};
/* End XCConfigurationList section */
	};
	rootObject = F91143F425FB772600B8D9BA /* Project object */;
}
